
Microsoft Visual Studio Solution File, Format Version 12.00
# Visual Studio Version 16
VisualStudioVersion = 16.0.30204.135
MinimumVisualStudioVersion = 10.0.40219.1
Project("{FAE04EC0-301F-11D3-BF4B-00C04F79EFBC}") = "LayeredPictureBox", "LayeredPictureBox\LayeredPictureBox.csproj", "{2BCB2AFA-27DB-4B92-83F8-02B859F1E1F4}"
EndProject
Global
	GlobalSection(SolutionConfigurationPlatforms) = preSolution
		Debug|Any CPU = Debug|Any CPU
		Release|Any CPU = Release|Any CPU
	EndGlobalSection
	GlobalSection(ProjectConfigurationPlatforms) = postSolution
		{2BCB2AFA-27DB-4B92-83F8-02B859F1E1F4}.Debug|Any CPU.ActiveCfg = Debug|Any CPU
		{2BCB2AFA-27DB-4B92-83F8-02B859F1E1F4}.Debug|Any CPU.Build.0 = Debug|Any CPU
		{2BCB2AFA-27DB-4B92-83F8-02B859F1E1F4}.Release|Any CPU.ActiveCfg = Release|Any CPU
		{2BCB2AFA-27DB-4B92-83F8-02B859F1E1F4}.Release|Any CPU.Build.0 = Release|Any CPU
	EndGlobalSection
	GlobalSection(SolutionProperties) = preSolution
		HideSolutionNode = FALSE
	EndGlobalSection
	GlobalSection(ExtensibilityGlobals) = postSolution
		SolutionGuid = {793B2636-9A1E-45C8-A015-A67D3AD503FF}
	EndGlobalSection
EndGlobal
